
Microsoft Visual Studio Solution File, Format Version 12.00
# Visual Studio 2013
VisualStudioVersion = 12.0.31101.0
MinimumVisualStudioVersion = 10.0.40219.1
Project("{FAE04EC0-301F-11D3-BF4B-00C04F79EFBC}") = "WebApiContrib.Formatting.Siren", "WebApiContrib.Formatting.Siren\WebApiContrib.Formatting.Siren.csproj", "{CF3994F6-C75B-4D0A-8C44-8AB4BC8F0F7F}"
EndProject
Project("{2150E333-8FDC-42A3-9474-1A3956D46DE8}") = "src", "src", "{A8ED955C-6A45-4DD9-A0B6-C64D0CDD199D}"
EndProject
Project("{2150E333-8FDC-42A3-9474-1A3956D46DE8}") = "test", "test", "{D25CE442-5570-47CA-93B6-604A79FE77DC}"
EndProject
Project("{FAE04EC0-301F-11D3-BF4B-00C04F79EFBC}") = "WebApiContrib.Formatting.Siren.Tests", "WebApiContrib.Formatting.Siren.Tests\WebApiContrib.Formatting.Siren.Tests.csproj", "{970ECDCA-9396-42BB-939E-3D9F3A3D4CBF}"
EndProject
Project("{2150E333-8FDC-42A3-9474-1A3956D46DE8}") = "samples", "samples", "{581CAC52-A24E-4FCC-ACAA-58A57D685B62}"
	ProjectSection(SolutionItems) = preProject
		WebApiContrib.Formatting.Siren.AcceptanceTests\UnitTest1.cs = WebApiContrib.Formatting.Siren.AcceptanceTests\UnitTest1.cs
	EndProjectSection
EndProject
Project("{FAE04EC0-301F-11D3-BF4B-00C04F79EFBC}") = "WebApiContrib.Formatting.Siren.SampleWebHost", "WebApiContrib.Formatting.Siren.SampleWebHost\WebApiContrib.Formatting.Siren.SampleWebHost.csproj", "{6B8581E3-D208-4E31-B68C-0FD2E5822634}"
EndProject
Project("{2150E333-8FDC-42A3-9474-1A3956D46DE8}") = ".nuget", ".nuget", "{9026AE1E-F970-4BA7-8959-01DBD61E1286}"
	ProjectSection(SolutionItems) = preProject
		.nuget\NuGet.Config = .nuget\NuGet.Config
		.nuget\NuGet.exe = .nuget\NuGet.exe
		.nuget\NuGet.targets = .nuget\NuGet.targets
	EndProjectSection
EndProject
Project("{FAE04EC0-301F-11D3-BF4B-00C04F79EFBC}") = "WebApiContrib.Formatting.Siren.AcceptanceTests", "WebApiContrib.Formatting.Siren.AcceptanceTests\WebApiContrib.Formatting.Siren.AcceptanceTests.csproj", "{C7E75B01-3ADE-44F4-9C5B-7713E24DB703}"
EndProject
Global
	GlobalSection(SolutionConfigurationPlatforms) = preSolution
		Debug|Any CPU = Debug|Any CPU
		Release|Any CPU = Release|Any CPU
	EndGlobalSection
	GlobalSection(ProjectConfigurationPlatforms) = postSolution
		{CF3994F6-C75B-4D0A-8C44-8AB4BC8F0F7F}.Debug|Any CPU.ActiveCfg = Debug|Any CPU
		{CF3994F6-C75B-4D0A-8C44-8AB4BC8F0F7F}.Debug|Any CPU.Build.0 = Debug|Any CPU
		{CF3994F6-C75B-4D0A-8C44-8AB4BC8F0F7F}.Release|Any CPU.ActiveCfg = Release|Any CPU
		{CF3994F6-C75B-4D0A-8C44-8AB4BC8F0F7F}.Release|Any CPU.Build.0 = Release|Any CPU
		{970ECDCA-9396-42BB-939E-3D9F3A3D4CBF}.Debug|Any CPU.ActiveCfg = Debug|Any CPU
		{970ECDCA-9396-42BB-939E-3D9F3A3D4CBF}.Debug|Any CPU.Build.0 = Debug|Any CPU
		{970ECDCA-9396-42BB-939E-3D9F3A3D4CBF}.Release|Any CPU.ActiveCfg = Release|Any CPU
		{970ECDCA-9396-42BB-939E-3D9F3A3D4CBF}.Release|Any CPU.Build.0 = Release|Any CPU
		{6B8581E3-D208-4E31-B68C-0FD2E5822634}.Debug|Any CPU.ActiveCfg = Debug|Any CPU
		{6B8581E3-D208-4E31-B68C-0FD2E5822634}.Debug|Any CPU.Build.0 = Debug|Any CPU
		{6B8581E3-D208-4E31-B68C-0FD2E5822634}.Release|Any CPU.ActiveCfg = Release|Any CPU
		{6B8581E3-D208-4E31-B68C-0FD2E5822634}.Release|Any CPU.Build.0 = Release|Any CPU
		{C7E75B01-3ADE-44F4-9C5B-7713E24DB703}.Debug|Any CPU.ActiveCfg = Debug|Any CPU
		{C7E75B01-3ADE-44F4-9C5B-7713E24DB703}.Debug|Any CPU.Build.0 = Debug|Any CPU
		{C7E75B01-3ADE-44F4-9C5B-7713E24DB703}.Release|Any CPU.ActiveCfg = Release|Any CPU
		{C7E75B01-3ADE-44F4-9C5B-7713E24DB703}.Release|Any CPU.Build.0 = Release|Any CPU
	EndGlobalSection
	GlobalSection(SolutionProperties) = preSolution
		HideSolutionNode = FALSE
	EndGlobalSection
	GlobalSection(NestedProjects) = preSolution
		{CF3994F6-C75B-4D0A-8C44-8AB4BC8F0F7F} = {A8ED955C-6A45-4DD9-A0B6-C64D0CDD199D}
		{970ECDCA-9396-42BB-939E-3D9F3A3D4CBF} = {D25CE442-5570-47CA-93B6-604A79FE77DC}
		{6B8581E3-D208-4E31-B68C-0FD2E5822634} = {581CAC52-A24E-4FCC-ACAA-58A57D685B62}
		{C7E75B01-3ADE-44F4-9C5B-7713E24DB703} = {D25CE442-5570-47CA-93B6-604A79FE77DC}
	EndGlobalSection
EndGlobal
