
Microsoft Visual Studio Solution File, Format Version 12.00
# Visual Studio 2013
VisualStudioVersion = 12.0.31101.0
MinimumVisualStudioVersion = 10.0.40219.1
Project("{FAE04EC0-301F-11D3-BF4B-00C04F79EFBC}") = "AngualrJSWebAPIApp.Web", "AngualrJSWebAPIApp\AngualrJSWebAPIApp.Web.csproj", "{111D07C3-207C-462E-86AF-AEA8F78535BD}"
EndProject
Project("{FAE04EC0-301F-11D3-BF4B-00C04F79EFBC}") = "AngualrJSWebAPIApp.DAL", "AngualrJSWebAPIDAL\AngualrJSWebAPIApp.DAL.csproj", "{1CC6AA4A-9760-4DA0-A78D-81524ACA06AB}"
EndProject
Project("{FAE04EC0-301F-11D3-BF4B-00C04F79EFBC}") = "AngualrJSWebAPIApp.Tests", "AngualrJSWebAPIAppTests\AngualrJSWebAPIApp.Tests.csproj", "{012B8F6E-623F-4CB9-95A3-EE394644D7F7}"
EndProject
Project("{FAE04EC0-301F-11D3-BF4B-00C04F79EFBC}") = "AngualrJSWebAPIScripts.Tests", "AngualrJSWebAPIScriptsTests\AngualrJSWebAPIScripts.Tests.csproj", "{1E863804-F991-4E26-9129-439C57B1BCB0}"
EndProject
Project("{FAE04EC0-301F-11D3-BF4B-00C04F79EFBC}") = "AngualrJSWebAPIApp.Models", "AngualrJSWebAPIModel\AngualrJSWebAPIApp.Models.csproj", "{8328DBA0-3AD7-40C4-AFC7-CF103A746D53}"
EndProject
Project("{FAE04EC0-301F-11D3-BF4B-00C04F79EFBC}") = "AngualrJSWebAPI.Shared", "AngualrJSWebAPI.Shared\AngualrJSWebAPI.Shared.csproj", "{50907560-09AC-4E2A-B3C8-6E0D2EFF23AF}"
EndProject
Project("{FAE04EC0-301F-11D3-BF4B-00C04F79EFBC}") = "AngualrJSWebAPIApp.ViewModels", "AngualrJSWebAPIApp.ViewModels\AngualrJSWebAPIApp.ViewModels.csproj", "{D33C3969-D281-4844-B8A3-9E6394FE6CB2}"
EndProject
Project("{FAE04EC0-301F-11D3-BF4B-00C04F79EFBC}") = "AngualrJSWebAPIApp.API", "AngualrJSWebAPIApp.API\AngualrJSWebAPIApp.API.csproj", "{1C7A2A53-D942-4A7D-A83B-D9C09D14587B}"
EndProject
Global
	GlobalSection(SolutionConfigurationPlatforms) = preSolution
		Debug|Any CPU = Debug|Any CPU
		Release|Any CPU = Release|Any CPU
	EndGlobalSection
	GlobalSection(ProjectConfigurationPlatforms) = postSolution
		{111D07C3-207C-462E-86AF-AEA8F78535BD}.Debug|Any CPU.ActiveCfg = Debug|Any CPU
		{111D07C3-207C-462E-86AF-AEA8F78535BD}.Debug|Any CPU.Build.0 = Debug|Any CPU
		{111D07C3-207C-462E-86AF-AEA8F78535BD}.Release|Any CPU.ActiveCfg = Release|Any CPU
		{111D07C3-207C-462E-86AF-AEA8F78535BD}.Release|Any CPU.Build.0 = Release|Any CPU
		{1CC6AA4A-9760-4DA0-A78D-81524ACA06AB}.Debug|Any CPU.ActiveCfg = Debug|Any CPU
		{1CC6AA4A-9760-4DA0-A78D-81524ACA06AB}.Debug|Any CPU.Build.0 = Debug|Any CPU
		{1CC6AA4A-9760-4DA0-A78D-81524ACA06AB}.Release|Any CPU.ActiveCfg = Release|Any CPU
		{1CC6AA4A-9760-4DA0-A78D-81524ACA06AB}.Release|Any CPU.Build.0 = Release|Any CPU
		{012B8F6E-623F-4CB9-95A3-EE394644D7F7}.Debug|Any CPU.ActiveCfg = Debug|Any CPU
		{012B8F6E-623F-4CB9-95A3-EE394644D7F7}.Debug|Any CPU.Build.0 = Debug|Any CPU
		{012B8F6E-623F-4CB9-95A3-EE394644D7F7}.Release|Any CPU.ActiveCfg = Release|Any CPU
		{012B8F6E-623F-4CB9-95A3-EE394644D7F7}.Release|Any CPU.Build.0 = Release|Any CPU
		{1E863804-F991-4E26-9129-439C57B1BCB0}.Debug|Any CPU.ActiveCfg = Debug|Any CPU
		{1E863804-F991-4E26-9129-439C57B1BCB0}.Debug|Any CPU.Build.0 = Debug|Any CPU
		{1E863804-F991-4E26-9129-439C57B1BCB0}.Release|Any CPU.ActiveCfg = Release|Any CPU
		{1E863804-F991-4E26-9129-439C57B1BCB0}.Release|Any CPU.Build.0 = Release|Any CPU
		{8328DBA0-3AD7-40C4-AFC7-CF103A746D53}.Debug|Any CPU.ActiveCfg = Debug|Any CPU
		{8328DBA0-3AD7-40C4-AFC7-CF103A746D53}.Debug|Any CPU.Build.0 = Debug|Any CPU
		{8328DBA0-3AD7-40C4-AFC7-CF103A746D53}.Release|Any CPU.ActiveCfg = Release|Any CPU
		{8328DBA0-3AD7-40C4-AFC7-CF103A746D53}.Release|Any CPU.Build.0 = Release|Any CPU
		{50907560-09AC-4E2A-B3C8-6E0D2EFF23AF}.Debug|Any CPU.ActiveCfg = Debug|Any CPU
		{50907560-09AC-4E2A-B3C8-6E0D2EFF23AF}.Debug|Any CPU.Build.0 = Debug|Any CPU
		{50907560-09AC-4E2A-B3C8-6E0D2EFF23AF}.Release|Any CPU.ActiveCfg = Release|Any CPU
		{50907560-09AC-4E2A-B3C8-6E0D2EFF23AF}.Release|Any CPU.Build.0 = Release|Any CPU
		{D33C3969-D281-4844-B8A3-9E6394FE6CB2}.Debug|Any CPU.ActiveCfg = Debug|Any CPU
		{D33C3969-D281-4844-B8A3-9E6394FE6CB2}.Debug|Any CPU.Build.0 = Debug|Any CPU
		{D33C3969-D281-4844-B8A3-9E6394FE6CB2}.Release|Any CPU.ActiveCfg = Release|Any CPU
		{D33C3969-D281-4844-B8A3-9E6394FE6CB2}.Release|Any CPU.Build.0 = Release|Any CPU
		{1C7A2A53-D942-4A7D-A83B-D9C09D14587B}.Debug|Any CPU.ActiveCfg = Debug|Any CPU
		{1C7A2A53-D942-4A7D-A83B-D9C09D14587B}.Debug|Any CPU.Build.0 = Debug|Any CPU
		{1C7A2A53-D942-4A7D-A83B-D9C09D14587B}.Release|Any CPU.ActiveCfg = Release|Any CPU
		{1C7A2A53-D942-4A7D-A83B-D9C09D14587B}.Release|Any CPU.Build.0 = Release|Any CPU
	EndGlobalSection
	GlobalSection(SolutionProperties) = preSolution
		HideSolutionNode = FALSE
	EndGlobalSection
EndGlobal
