
Microsoft Visual Studio Solution File, Format Version 12.00
# Visual Studio 2013
VisualStudioVersion = 12.0.31101.0
MinimumVisualStudioVersion = 10.0.40219.1
Project("{E24C65DC-7377-472B-9ABA-BC803B73C61A}") = "AngualrJSWebAPI.SandboxV2", "http://localhost:53617", "{4274C526-FDCB-4A11-A3F9-A7E8A02B9086}"
	ProjectSection(WebsiteProperties) = preProject
		UseIISExpress = "true"
		TargetFrameworkMoniker = ".NETFramework,Version%3Dv4.0"
		Debug.AspNetCompiler.VirtualPath = "/localhost_53617"
		Debug.AspNetCompiler.PhysicalPath = "AngualrJSWebAPI.SandboxV2\"
		Debug.AspNetCompiler.TargetPath = "PrecompiledWeb\localhost_53617\"
		Debug.AspNetCompiler.Updateable = "true"
		Debug.AspNetCompiler.ForceOverwrite = "true"
		Debug.AspNetCompiler.FixedNames = "false"
		Debug.AspNetCompiler.Debug = "True"
		Release.AspNetCompiler.VirtualPath = "/localhost_53617"
		Release.AspNetCompiler.PhysicalPath = "AngualrJSWebAPI.SandboxV2\"
		Release.AspNetCompiler.TargetPath = "PrecompiledWeb\localhost_53617\"
		Release.AspNetCompiler.Updateable = "true"
		Release.AspNetCompiler.ForceOverwrite = "true"
		Release.AspNetCompiler.FixedNames = "false"
		Release.AspNetCompiler.Debug = "False"
		SlnRelativePath = "AngualrJSWebAPI.SandboxV2\"
	EndProjectSection
EndProject
Project("{E24C65DC-7377-472B-9ABA-BC803B73C61A}") = "AngualrJSWebAPI.Sandbox.PhoneCat", "http://localhost:56863", "{6920A80D-12BD-4937-9512-807C1F20A1E6}"
	ProjectSection(WebsiteProperties) = preProject
		UseIISExpress = "true"
		TargetFrameworkMoniker = ".NETFramework,Version%3Dv4.0"
		Debug.AspNetCompiler.VirtualPath = "/localhost_56863"
		Debug.AspNetCompiler.PhysicalPath = "AngualrJSWebAPI.Sandbox.PhoneCat\"
		Debug.AspNetCompiler.TargetPath = "PrecompiledWeb\localhost_56863\"
		Debug.AspNetCompiler.Updateable = "true"
		Debug.AspNetCompiler.ForceOverwrite = "true"
		Debug.AspNetCompiler.FixedNames = "false"
		Debug.AspNetCompiler.Debug = "True"
		Release.AspNetCompiler.VirtualPath = "/localhost_56863"
		Release.AspNetCompiler.PhysicalPath = "AngualrJSWebAPI.Sandbox.PhoneCat\"
		Release.AspNetCompiler.TargetPath = "PrecompiledWeb\localhost_56863\"
		Release.AspNetCompiler.Updateable = "true"
		Release.AspNetCompiler.ForceOverwrite = "true"
		Release.AspNetCompiler.FixedNames = "false"
		Release.AspNetCompiler.Debug = "False"
		SlnRelativePath = "AngualrJSWebAPI.Sandbox.PhoneCat\"
	EndProjectSection
EndProject
Project("{FAE04EC0-301F-11D3-BF4B-00C04F79EFBC}") = "AngualrJSWebAPIApp.API", "AngualrJSWebAPIApp.API\AngualrJSWebAPIApp.API.csproj", "{1C7A2A53-D942-4A7D-A83B-D9C09D14587B}"
EndProject
Project("{FAE04EC0-301F-11D3-BF4B-00C04F79EFBC}") = "AngualrJSWebAPIApp.DAL", "AngualrJSWebAPIDAL\AngualrJSWebAPIApp.DAL.csproj", "{1CC6AA4A-9760-4DA0-A78D-81524ACA06AB}"
EndProject
Project("{FAE04EC0-301F-11D3-BF4B-00C04F79EFBC}") = "AngualrJSWebAPIApp.Models", "AngualrJSWebAPIModel\AngualrJSWebAPIApp.Models.csproj", "{8328DBA0-3AD7-40C4-AFC7-CF103A746D53}"
EndProject
Project("{FAE04EC0-301F-11D3-BF4B-00C04F79EFBC}") = "AngualrJSWebAPIApp.ViewModels", "AngualrJSWebAPIApp.ViewModels\AngualrJSWebAPIApp.ViewModels.csproj", "{D33C3969-D281-4844-B8A3-9E6394FE6CB2}"
EndProject
Global
	GlobalSection(SolutionConfigurationPlatforms) = preSolution
		Debug|Any CPU = Debug|Any CPU
		Release|Any CPU = Release|Any CPU
	EndGlobalSection
	GlobalSection(ProjectConfigurationPlatforms) = postSolution
		{4274C526-FDCB-4A11-A3F9-A7E8A02B9086}.Debug|Any CPU.ActiveCfg = Debug|Any CPU
		{4274C526-FDCB-4A11-A3F9-A7E8A02B9086}.Debug|Any CPU.Build.0 = Debug|Any CPU
		{4274C526-FDCB-4A11-A3F9-A7E8A02B9086}.Release|Any CPU.ActiveCfg = Debug|Any CPU
		{4274C526-FDCB-4A11-A3F9-A7E8A02B9086}.Release|Any CPU.Build.0 = Debug|Any CPU
		{6920A80D-12BD-4937-9512-807C1F20A1E6}.Debug|Any CPU.ActiveCfg = Debug|Any CPU
		{6920A80D-12BD-4937-9512-807C1F20A1E6}.Debug|Any CPU.Build.0 = Debug|Any CPU
		{6920A80D-12BD-4937-9512-807C1F20A1E6}.Release|Any CPU.ActiveCfg = Debug|Any CPU
		{6920A80D-12BD-4937-9512-807C1F20A1E6}.Release|Any CPU.Build.0 = Debug|Any CPU
		{1C7A2A53-D942-4A7D-A83B-D9C09D14587B}.Debug|Any CPU.ActiveCfg = Debug|Any CPU
		{1C7A2A53-D942-4A7D-A83B-D9C09D14587B}.Debug|Any CPU.Build.0 = Debug|Any CPU
		{1C7A2A53-D942-4A7D-A83B-D9C09D14587B}.Release|Any CPU.ActiveCfg = Release|Any CPU
		{1C7A2A53-D942-4A7D-A83B-D9C09D14587B}.Release|Any CPU.Build.0 = Release|Any CPU
		{1CC6AA4A-9760-4DA0-A78D-81524ACA06AB}.Debug|Any CPU.ActiveCfg = Debug|Any CPU
		{1CC6AA4A-9760-4DA0-A78D-81524ACA06AB}.Debug|Any CPU.Build.0 = Debug|Any CPU
		{1CC6AA4A-9760-4DA0-A78D-81524ACA06AB}.Release|Any CPU.ActiveCfg = Release|Any CPU
		{1CC6AA4A-9760-4DA0-A78D-81524ACA06AB}.Release|Any CPU.Build.0 = Release|Any CPU
		{8328DBA0-3AD7-40C4-AFC7-CF103A746D53}.Debug|Any CPU.ActiveCfg = Debug|Any CPU
		{8328DBA0-3AD7-40C4-AFC7-CF103A746D53}.Debug|Any CPU.Build.0 = Debug|Any CPU
		{8328DBA0-3AD7-40C4-AFC7-CF103A746D53}.Release|Any CPU.ActiveCfg = Release|Any CPU
		{8328DBA0-3AD7-40C4-AFC7-CF103A746D53}.Release|Any CPU.Build.0 = Release|Any CPU
		{D33C3969-D281-4844-B8A3-9E6394FE6CB2}.Debug|Any CPU.ActiveCfg = Debug|Any CPU
		{D33C3969-D281-4844-B8A3-9E6394FE6CB2}.Debug|Any CPU.Build.0 = Debug|Any CPU
		{D33C3969-D281-4844-B8A3-9E6394FE6CB2}.Release|Any CPU.ActiveCfg = Release|Any CPU
		{D33C3969-D281-4844-B8A3-9E6394FE6CB2}.Release|Any CPU.Build.0 = Release|Any CPU
	EndGlobalSection
	GlobalSection(SolutionProperties) = preSolution
		HideSolutionNode = FALSE
	EndGlobalSection
EndGlobal
